
Microsoft Visual Studio Solution File, Format Version 12.00
# Visual Studio Version 17
VisualStudioVersion = 17.1.32319.34
MinimumVisualStudioVersion = 10.0.40219.1
Project("{8BC9CEB8-8B4A-11D0-8D11-00A0C91BC942}") = "Ghost Server", "Ghost Server\Ghost Server.vcxproj", "{D4B98CE3-2E1F-4074-996B-0D3402C73658}"
EndProject
Global
	GlobalSection(SolutionConfigurationPlatforms) = preSolution
		Debug|x64 = Debug|x64
		Debug|x86 = Debug|x86
		Release|x64 = Release|x64
		Release|x86 = Release|x86
	EndGlobalSection
	GlobalSection(ProjectConfigurationPlatforms) = postSolution
		{D4B98CE3-2E1F-4074-996B-0D3402C73658}.Debug|x64.ActiveCfg = Debug|x64
		{D4B98CE3-2E1F-4074-996B-0D3402C73658}.Debug|x64.Build.0 = Debug|x64
		{D4B98CE3-2E1F-4074-996B-0D3402C73658}.Debug|x86.ActiveCfg = Debug|Win32
		{D4B98CE3-2E1F-4074-996B-0D3402C73658}.Debug|x86.Build.0 = Debug|Win32
		{D4B98CE3-2E1F-4074-996B-0D3402C73658}.Release|x64.ActiveCfg = Release|x64
		{D4B98CE3-2E1F-4074-996B-0D3402C73658}.Release|x64.Build.0 = Release|x64
		{D4B98CE3-2E1F-4074-996B-0D3402C73658}.Release|x86.ActiveCfg = Release|Win32
		{D4B98CE3-2E1F-4074-996B-0D3402C73658}.Release|x86.Build.0 = Release|Win32
	EndGlobalSection
	GlobalSection(SolutionProperties) = preSolution
		HideSolutionNode = FALSE
	EndGlobalSection
	GlobalSection(ExtensibilityGlobals) = postSolution
		SolutionGuid = {5F6B79F1-DDF8-4352-B901-57A832FB81C5}
	EndGlobalSection
EndGlobal
